
Microsoft Visual Studio Solution File, Format Version 12.00
# Visual Studio Version 17
VisualStudioVersion = 17.3.32922.545
MinimumVisualStudioVersion = 10.0.40219.1
Project("{FAE04EC0-301F-11D3-BF4B-00C04F79EFBC}") = "DynamicGrid", "DynamicGrid.csproj", "{080AC42B-B463-4B1C-85D7-D05C9B5AE842}"
EndProject
Global
	GlobalSection(SolutionConfigurationPlatforms) = preSolution
		Debug|Any CPU = Debug|Any CPU
		Release|Any CPU = Release|Any CPU
	EndGlobalSection
	GlobalSection(ProjectConfigurationPlatforms) = postSolution
		{080AC42B-B463-4B1C-85D7-D05C9B5AE842}.Debug|Any CPU.ActiveCfg = Debug|Any CPU
		{080AC42B-B463-4B1C-85D7-D05C9B5AE842}.Debug|Any CPU.Build.0 = Debug|Any CPU
		{080AC42B-B463-4B1C-85D7-D05C9B5AE842}.Release|Any CPU.ActiveCfg = Release|Any CPU
		{080AC42B-B463-4B1C-85D7-D05C9B5AE842}.Release|Any CPU.Build.0 = Release|Any CPU
	EndGlobalSection
	GlobalSection(SolutionProperties) = preSolution
		HideSolutionNode = FALSE
	EndGlobalSection
	GlobalSection(ExtensibilityGlobals) = postSolution
		SolutionGuid = {C0CBF601-9A47-4548-A8D7-37357EBCC91B}
	EndGlobalSection
EndGlobal
