
Microsoft Visual Studio Solution File, Format Version 12.00
# Visual Studio Version 17
VisualStudioVersion = 17.4.33122.133
MinimumVisualStudioVersion = 10.0.40219.1
Project("{FAE04EC0-301F-11D3-BF4B-00C04F79EFBC}") = "SortedCollection", "SortedCollection\SortedCollection.csproj", "{B2E94835-E381-4372-9757-526935161C54}"
EndProject
Global
	GlobalSection(SolutionConfigurationPlatforms) = preSolution
		Debug|Any CPU = Debug|Any CPU
		Release|Any CPU = Release|Any CPU
	EndGlobalSection
	GlobalSection(ProjectConfigurationPlatforms) = postSolution
		{B2E94835-E381-4372-9757-526935161C54}.Debug|Any CPU.ActiveCfg = Debug|Any CPU
		{B2E94835-E381-4372-9757-526935161C54}.Debug|Any CPU.Build.0 = Debug|Any CPU
		{B2E94835-E381-4372-9757-526935161C54}.Release|Any CPU.ActiveCfg = Release|Any CPU
		{B2E94835-E381-4372-9757-526935161C54}.Release|Any CPU.Build.0 = Release|Any CPU
	EndGlobalSection
	GlobalSection(SolutionProperties) = preSolution
		HideSolutionNode = FALSE
	EndGlobalSection
	GlobalSection(ExtensibilityGlobals) = postSolution
		SolutionGuid = {B8B9F7B3-1F1F-4034-801D-6A27A0BECE2E}
	EndGlobalSection
EndGlobal
